// !$*UTF8*$!
{
	archiveVersion = 1;
	classes = {
	};
	objectVersion = 46;
	objects = {

/* Begin PBXBuildFile section */
		A77ECA0419BE48B6008979C1 /* Foundation.framework in Frameworks */ = {isa = PBXBuildFile; fileRef = A77ECA0319BE48B6008979C1 /* Foundation.framework */; };
		A77ECA0619BE48B6008979C1 /* CoreGraphics.framework in Frameworks */ = {isa = PBXBuildFile; fileRef = A77ECA0519BE48B6008979C1 /* CoreGraphics.framework */; };
		A77ECA0819BE48B6008979C1 /* UIKit.framework in Frameworks */ = {isa = PBXBuildFile; fileRef = A77ECA0719BE48B6008979C1 /* UIKit.framework */; };
		A77ECA0E19BE48B6008979C1 /* InfoPlist.strings in Resources */ = {isa = PBXBuildFile; fileRef = A77ECA0C19BE48B6008979C1 /* InfoPlist.strings */; };
		A77ECA1019BE48B6008979C1 /* main.m in Sources */ = {isa = PBXBuildFile; fileRef = A77ECA0F19BE48B6008979C1 /* main.m */; };
		A77ECA1419BE48B6008979C1 /* AGEPDCSAppDelegate.m in Sources */ = {isa = PBXBuildFile; fileRef = A77ECA1319BE48B6008979C1 /* AGEPDCSAppDelegate.m */; };
		A77ECA1719BE48B6008979C1 /* Main.storyboard in Resources */ = {isa = PBXBuildFile; fileRef = A77ECA1519BE48B6008979C1 /* Main.storyboard */; };
		A77ECA1A19BE48B6008979C1 /* AGEPDCSViewController.m in Sources */ = {isa = PBXBuildFile; fileRef = A77ECA1919BE48B6008979C1 /* AGEPDCSViewController.m */; };
		A77ECA1C19BE48B6008979C1 /* Images.xcassets in Resources */ = {isa = PBXBuildFile; fileRef = A77ECA1B19BE48B6008979C1 /* Images.xcassets */; };
		A77ECA2319BE48B6008979C1 /* XCTest.framework in Frameworks */ = {isa = PBXBuildFile; fileRef = A77ECA2219BE48B6008979C1 /* XCTest.framework */; };
		A77ECA2419BE48B6008979C1 /* Foundation.framework in Frameworks */ = {isa = PBXBuildFile; fileRef = A77ECA0319BE48B6008979C1 /* Foundation.framework */; };
		A77ECA2519BE48B6008979C1 /* UIKit.framework in Frameworks */ = {isa = PBXBuildFile; fileRef = A77ECA0719BE48B6008979C1 /* UIKit.framework */; };
		A77ECA2D19BE48B6008979C1 /* InfoPlist.strings in Resources */ = {isa = PBXBuildFile; fileRef = A77ECA2B19BE48B6008979C1 /* InfoPlist.strings */; };
		A77ECA2F19BE48B6008979C1 /* AGEPassingDataChallengeSolutionTests.m in Sources */ = {isa = PBXBuildFile; fileRef = A77ECA2E19BE48B6008979C1 /* AGEPassingDataChallengeSolutionTests.m */; };
/* End PBXBuildFile section */

/* Begin PBXContainerItemProxy section */
		A77ECA2619BE48B6008979C1 /* PBXContainerItemProxy */ = {
			isa = PBXContainerItemProxy;
			containerPortal = A77EC9F819BE48B6008979C1 /* Project object */;
			proxyType = 1;
			remoteGlobalIDString = A77EC9FF19BE48B6008979C1;
			remoteInfo = AGEPassingDataChallengeSolution;
		};
/* End PBXContainerItemProxy section */

/* Begin PBXFileReference section */
		A77ECA0019BE48B6008979C1 /* AGEPassingDataChallengeSolution.app */ = {isa = PBXFileReference; explicitFileType = wrapper.application; includeInIndex = 0; path = AGEPassingDataChallengeSolution.app; sourceTree = BUILT_PRODUCTS_DIR; };
		A77ECA0319BE48B6008979C1 /* Foundation.framework */ = {isa = PBXFileReference; lastKnownFileType = wrapper.framework; name = Foundation.framework; path = System/Library/Frameworks/Foundation.framework; sourceTree = SDKROOT; };
		A77ECA0519BE48B6008979C1 /* CoreGraphics.framework */ = {isa = PBXFileReference; lastKnownFileType = wrapper.framework; name = CoreGraphics.framework; path = System/Library/Frameworks/CoreGraphics.framework; sourceTree = SDKROOT; };
		A77ECA0719BE48B6008979C1 /* UIKit.framework */ = {isa = PBXFileReference; lastKnownFileType = wrapper.framework; name = UIKit.framework; path = System/Library/Frameworks/UIKit.framework; sourceTree = SDKROOT; };
		A77ECA0B19BE48B6008979C1 /* AGEPassingDataChallengeSolution-Info.plist */ = {isa = PBXFileReference; lastKnownFileType = text.plist.xml; path = "AGEPassingDataChallengeSolution-Info.plist"; sourceTree = "<group>"; };
		A77ECA0D19BE48B6008979C1 /* en */ = {isa = PBXFileReference; lastKnownFileType = text.plist.strings; name = en; path = en.lproj/InfoPlist.strings; sourceTree = "<group>"; };
		A77ECA0F19BE48B6008979C1 /* main.m */ = {isa = PBXFileReference; lastKnownFileType = sourcecode.c.objc; path = main.m; sourceTree = "<group>"; };
		A77ECA1119BE48B6008979C1 /* AGEPassingDataChallengeSolution-Prefix.pch */ = {isa = PBXFileReference; lastKnownFileType = sourcecode.c.h; path = "AGEPassingDataChallengeSolution-Prefix.pch"; sourceTree = "<group>"; };
		A77ECA1219BE48B6008979C1 /* AGEPDCSAppDelegate.h */ = {isa = PBXFileReference; lastKnownFileType = sourcecode.c.h; path = AGEPDCSAppDelegate.h; sourceTree = "<group>"; };
		A77ECA1319BE48B6008979C1 /* AGEPDCSAppDelegate.m */ = {isa = PBXFileReference; lastKnownFileType = sourcecode.c.objc; path = AGEPDCSAppDelegate.m; sourceTree = "<group>"; };
		A77ECA1619BE48B6008979C1 /* Base */ = {isa = PBXFileReference; lastKnownFileType = file.storyboard; name = Base; path = Base.lproj/Main.storyboard; sourceTree = "<group>"; };
		A77ECA1819BE48B6008979C1 /* AGEPDCSViewController.h */ = {isa = PBXFileReference; lastKnownFileType = sourcecode.c.h; path = AGEPDCSViewController.h; sourceTree = "<group>"; };
		A77ECA1919BE48B6008979C1 /* AGEPDCSViewController.m */ = {isa = PBXFileReference; lastKnownFileType = sourcecode.c.objc; path = AGEPDCSViewController.m; sourceTree = "<group>"; };
		A77ECA1B19BE48B6008979C1 /* Images.xcassets */ = {isa = PBXFileReference; lastKnownFileType = folder.assetcatalog; path = Images.xcassets; sourceTree = "<group>"; };
		A77ECA2119BE48B6008979C1 /* AGEPassingDataChallengeSolutionTests.xctest */ = {isa = PBXFileReference; explicitFileType = wrapper.cfbundle; includeInIndex = 0; path = AGEPassingDataChallengeSolutionTests.xctest; sourceTree = BUILT_PRODUCTS_DIR; };
		A77ECA2219BE48B6008979C1 /* XCTest.framework */ = {isa = PBXFileReference; lastKnownFileType = wrapper.framework; name = XCTest.framework; path = Library/Frameworks/XCTest.framework; sourceTree = DEVELOPER_DIR; };
		A77ECA2A19BE48B6008979C1 /* AGEPassingDataChallengeSolutionTests-Info.plist */ = {isa = PBXFileReference; lastKnownFileType = text.plist.xml; path = "AGEPassingDataChallengeSolutionTests-Info.plist"; sourceTree = "<group>"; };
		A77ECA2C19BE48B6008979C1 /* en */ = {isa = PBXFileReference; lastKnownFileType = text.plist.strings; name = en; path = en.lproj/InfoPlist.strings; sourceTree = "<group>"; };
		A77ECA2E19BE48B6008979C1 /* AGEPassingDataChallengeSolutionTests.m */ = {isa = PBXFileReference; lastKnownFileType = sourcecode.c.objc; path = AGEPassingDataChallengeSolutionTests.m; sourceTree = "<group>"; };
/* End PBXFileReference section */

/* Begin PBXFrameworksBuildPhase section */
		A77EC9FD19BE48B6008979C1 /* Frameworks */ = {
			isa = PBXFrameworksBuildPhase;
			buildActionMask = 2147483647;
			files = (
				A77ECA0619BE48B6008979C1 /* CoreGraphics.framework in Frameworks */,
				A77ECA0819BE48B6008979C1 /* UIKit.framework in Frameworks */,
				A77ECA0419BE48B6008979C1 /* Foundation.framework in Frameworks */,
			);
			runOnlyForDeploymentPostprocessing = 0;
		};
		A77ECA1E19BE48B6008979C1 /* Frameworks */ = {
			isa = PBXFrameworksBuildPhase;
			buildActionMask = 2147483647;
			files = (
				A77ECA2319BE48B6008979C1 /* XCTest.framework in Frameworks */,
				A77ECA2519BE48B6008979C1 /* UIKit.framework in Frameworks */,
				A77ECA2419BE48B6008979C1 /* Foundation.framework in Frameworks */,
			);
			runOnlyForDeploymentPostprocessing = 0;
		};
/* End PBXFrameworksBuildPhase section */

/* Begin PBXGroup section */
		A77EC9F719BE48B6008979C1 = {
			isa = PBXGroup;
			children = (
				A77ECA0919BE48B6008979C1 /* AGEPassingDataChallengeSolution */,
				A77ECA2819BE48B6008979C1 /* AGEPassingDataChallengeSolutionTests */,
				A77ECA0219BE48B6008979C1 /* Frameworks */,
				A77ECA0119BE48B6008979C1 /* Products */,
			);
			sourceTree = "<group>";
		};
		A77ECA0119BE48B6008979C1 /* Products */ = {
			isa = PBXGroup;
			children = (
				A77ECA0019BE48B6008979C1 /* AGEPassingDataChallengeSolution.app */,
				A77ECA2119BE48B6008979C1 /* AGEPassingDataChallengeSolutionTests.xctest */,
			);
			name = Products;
			sourceTree = "<group>";
		};
		A77ECA0219BE48B6008979C1 /* Frameworks */ = {
			isa = PBXGroup;
			children = (
				A77ECA0319BE48B6008979C1 /* Foundation.framework */,
				A77ECA0519BE48B6008979C1 /* CoreGraphics.framework */,
				A77ECA0719BE48B6008979C1 /* UIKit.framework */,
				A77ECA2219BE48B6008979C1 /* XCTest.framework */,
			);
			name = Frameworks;
			sourceTree = "<group>";
		};
		A77ECA0919BE48B6008979C1 /* AGEPassingDataChallengeSolution */ = {
			isa = PBXGroup;
			children = (
				A77ECA1219BE48B6008979C1 /* AGEPDCSAppDelegate.h */,
				A77ECA1319BE48B6008979C1 /* AGEPDCSAppDelegate.m */,
				A77ECA1519BE48B6008979C1 /* Main.storyboard */,
				A77ECA1819BE48B6008979C1 /* AGEPDCSViewController.h */,
				A77ECA1919BE48B6008979C1 /* AGEPDCSViewController.m */,
				A77ECA1B19BE48B6008979C1 /* Images.xcassets */,
				A77ECA0A19BE48B6008979C1 /* Supporting Files */,
			);
			path = AGEPassingDataChallengeSolution;
			sourceTree = "<group>";
		};
		A77ECA0A19BE48B6008979C1 /* Supporting Files */ = {
			isa = PBXGroup;
			children = (
				A77ECA0B19BE48B6008979C1 /* AGEPassingDataChallengeSolution-Info.plist */,
				A77ECA0C19BE48B6008979C1 /* InfoPlist.strings */,
				A77ECA0F19BE48B6008979C1 /* main.m */,
				A77ECA1119BE48B6008979C1 /* AGEPassingDataChallengeSolution-Prefix.pch */,
			);
			name = "Supporting Files";
			sourceTree = "<group>";
		};
		A77ECA2819BE48B6008979C1 /* AGEPassingDataChallengeSolutionTests */ = {
			isa = PBXGroup;
			children = (
				A77ECA2E19BE48B6008979C1 /* AGEPassingDataChallengeSolutionTests.m */,
				A77ECA2919BE48B6008979C1 /* Supporting Files */,
			);
			path = AGEPassingDataChallengeSolutionTests;
			sourceTree = "<group>";
		};
		A77ECA2919BE48B6008979C1 /* Supporting Files */ = {
			isa = PBXGroup;
			children = (
				A77ECA2A19BE48B6008979C1 /* AGEPassingDataChallengeSolutionTests-Info.plist */,
				A77ECA2B19BE48B6008979C1 /* InfoPlist.strings */,
			);
			name = "Supporting Files";
			sourceTree = "<group>";
		};
/* End PBXGroup section */

/* Begin PBXNativeTarget section */
		A77EC9FF19BE48B6008979C1 /* AGEPassingDataChallengeSolution */ = {
			isa = PBXNativeTarget;
			buildConfigurationList = A77ECA3219BE48B6008979C1 /* Build configuration list for PBXNativeTarget "AGEPassingDataChallengeSolution" */;
			buildPhases = (
				A77EC9FC19BE48B6008979C1 /* Sources */,
				A77EC9FD19BE48B6008979C1 /* Frameworks */,
				A77EC9FE19BE48B6008979C1 /* Resources */,
			);
			buildRules = (
			);
			dependencies = (
			);
			name = AGEPassingDataChallengeSolution;
			productName = AGEPassingDataChallengeSolution;
			productReference = A77ECA0019BE48B6008979C1 /* AGEPassingDataChallengeSolution.app */;
			productType = "com.apple.product-type.application";
		};
		A77ECA2019BE48B6008979C1 /* AGEPassingDataChallengeSolutionTests */ = {
			isa = PBXNativeTarget;
			buildConfigurationList = A77ECA3519BE48B6008979C1 /* Build configuration list for PBXNativeTarget "AGEPassingDataChallengeSolutionTests" */;
			buildPhases = (
				A77ECA1D19BE48B6008979C1 /* Sources */,
				A77ECA1E19BE48B6008979C1 /* Frameworks */,
				A77ECA1F19BE48B6008979C1 /* Resources */,
			);
			buildRules = (
			);
			dependencies = (
				A77ECA2719BE48B6008979C1 /* PBXTargetDependency */,
			);
			name = AGEPassingDataChallengeSolutionTests;
			productName = AGEPassingDataChallengeSolutionTests;
			productReference = A77ECA2119BE48B6008979C1 /* AGEPassingDataChallengeSolutionTests.xctest */;
			productType = "com.apple.product-type.bundle.unit-test";
		};
/* End PBXNativeTarget section */

/* Begin PBXProject section */
		A77EC9F819BE48B6008979C1 /* Project object */ = {
			isa = PBXProject;
			attributes = {
				CLASSPREFIX = AGEPDCS;
				LastUpgradeCheck = 0510;
				ORGANIZATIONNAME = "IOS7Course-age";
				TargetAttributes = {
					A77ECA2019BE48B6008979C1 = {
						TestTargetID = A77EC9FF19BE48B6008979C1;
					};
				};
			};
			buildConfigurationList = A77EC9FB19BE48B6008979C1 /* Build configuration list for PBXProject "AGEPassingDataChallengeSolution" */;
			compatibilityVersion = "Xcode 3.2";
			developmentRegion = English;
			hasScannedForEncodings = 0;
			knownRegions = (
				en,
				Base,
			);
			mainGroup = A77EC9F719BE48B6008979C1;
			productRefGroup = A77ECA0119BE48B6008979C1 /* Products */;
			projectDirPath = "";
			projectRoot = "";
			targets = (
				A77EC9FF19BE48B6008979C1 /* AGEPassingDataChallengeSolution */,
				A77ECA2019BE48B6008979C1 /* AGEPassingDataChallengeSolutionTests */,
			);
		};
/* End PBXProject section */

/* Begin PBXResourcesBuildPhase section */
		A77EC9FE19BE48B6008979C1 /* Resources */ = {
			isa = PBXResourcesBuildPhase;
			buildActionMask = 2147483647;
			files = (
				A77ECA1C19BE48B6008979C1 /* Images.xcassets in Resources */,
				A77ECA0E19BE48B6008979C1 /* InfoPlist.strings in Resources */,
				A77ECA1719BE48B6008979C1 /* Main.storyboard in Resources */,
			);
			runOnlyForDeploymentPostprocessing = 0;
		};
		A77ECA1F19BE48B6008979C1 /* Resources */ = {
			isa = PBXResourcesBuildPhase;
			buildActionMask = 2147483647;
			files = (
				A77ECA2D19BE48B6008979C1 /* InfoPlist.strings in Resources */,
			);
			runOnlyForDeploymentPostprocessing = 0;
		};
/* End PBXResourcesBuildPhase section */

/* Begin PBXSourcesBuildPhase section */
		A77EC9FC19BE48B6008979C1 /* Sources */ = {
			isa = PBXSourcesBuildPhase;
			buildActionMask = 2147483647;
			files = (
				A77ECA1419BE48B6008979C1 /* AGEPDCSAppDelegate.m in Sources */,
				A77ECA1A19BE48B6008979C1 /* AGEPDCSViewController.m in Sources */,
				A77ECA1019BE48B6008979C1 /* main.m in Sources */,
			);
			runOnlyForDeploymentPostprocessing = 0;
		};
		A77ECA1D19BE48B6008979C1 /* Sources */ = {
			isa = PBXSourcesBuildPhase;
			buildActionMask = 2147483647;
			files = (
				A77ECA2F19BE48B6008979C1 /* AGEPassingDataChallengeSolutionTests.m in Sources */,
			);
			runOnlyForDeploymentPostprocessing = 0;
		};
/* End PBXSourcesBuildPhase section */

/* Begin PBXTargetDependency section */
		A77ECA2719BE48B6008979C1 /* PBXTargetDependency */ = {
			isa = PBXTargetDependency;
			target = A77EC9FF19BE48B6008979C1 /* AGEPassingDataChallengeSolution */;
			targetProxy = A77ECA2619BE48B6008979C1 /* PBXContainerItemProxy */;
		};
/* End PBXTargetDependency section */

/* Begin PBXVariantGroup section */
		A77ECA0C19BE48B6008979C1 /* InfoPlist.strings */ = {
			isa = PBXVariantGroup;
			children = (
				A77ECA0D19BE48B6008979C1 /* en */,
			);
			name = InfoPlist.strings;
			sourceTree = "<group>";
		};
		A77ECA1519BE48B6008979C1 /* Main.storyboard */ = {
			isa = PBXVariantGroup;
			children = (
				A77ECA1619BE48B6008979C1 /* Base */,
			);
			name = Main.storyboard;
			sourceTree = "<group>";
		};
		A77ECA2B19BE48B6008979C1 /* InfoPlist.strings */ = {
			isa = PBXVariantGroup;
			children = (
				A77ECA2C19BE48B6008979C1 /* en */,
			);
			name = InfoPlist.strings;
			sourceTree = "<group>";
		};
/* End PBXVariantGroup section */

/* Begin XCBuildConfiguration section */
		A77ECA3019BE48B6008979C1 /* Debug */ = {
			isa = XCBuildConfiguration;
			buildSettings = {
				ALWAYS_SEARCH_USER_PATHS = NO;
				CLANG_CXX_LANGUAGE_STANDARD = "gnu++0x";
				CLANG_CXX_LIBRARY = "libc++";
				CLANG_ENABLE_MODULES = YES;
				CLANG_ENABLE_OBJC_ARC = YES;
				CLANG_WARN_BOOL_CONVERSION = YES;
				CLANG_WARN_CONSTANT_CONVERSION = YES;
				CLANG_WARN_DIRECT_OBJC_ISA_USAGE = YES_ERROR;
				CLANG_WARN_EMPTY_BODY = YES;
				CLANG_WARN_ENUM_CONVERSION = YES;
				CLANG_WARN_INT_CONVERSION = YES;
				CLANG_WARN_OBJC_ROOT_CLASS = YES_ERROR;
				CLANG_WARN__DUPLICATE_METHOD_MATCH = YES;
				"CODE_SIGN_IDENTITY[sdk=iphoneos*]" = "iPhone Developer";
				COPY_PHASE_STRIP = NO;
				GCC_C_LANGUAGE_STANDARD = gnu99;
				GCC_DYNAMIC_NO_PIC = NO;
				GCC_OPTIMIZATION_LEVEL = 0;
				GCC_PREPROCESSOR_DEFINITIONS = (
					"DEBUG=1",
					"$(inherited)",
				);
				GCC_SYMBOLS_PRIVATE_EXTERN = NO;
				GCC_WARN_64_TO_32_BIT_CONVERSION = YES;
				GCC_WARN_ABOUT_RETURN_TYPE = YES_ERROR;
				GCC_WARN_UNDECLARED_SELECTOR = YES;
				GCC_WARN_UNINITIALIZED_AUTOS = YES_AGGRESSIVE;
				GCC_WARN_UNUSED_FUNCTION = YES;
				GCC_WARN_UNUSED_VARIABLE = YES;
				IPHONEOS_DEPLOYMENT_TARGET = 7.1;
				ONLY_ACTIVE_ARCH = YES;
				SDKROOT = iphoneos;
			};
			name = Debug;
		};
		A77ECA3119BE48B6008979C1 /* Release */ = {
			isa = XCBuildConfiguration;
			buildSettings = {
				ALWAYS_SEARCH_USER_PATHS = NO;
				CLANG_CXX_LANGUAGE_STANDARD = "gnu++0x";
				CLANG_CXX_LIBRARY = "libc++";
				CLANG_ENABLE_MODULES = YES;
				CLANG_ENABLE_OBJC_ARC = YES;
				CLANG_WARN_BOOL_CONVERSION = YES;
				CLANG_WARN_CONSTANT_CONVERSION = YES;
				CLANG_WARN_DIRECT_OBJC_ISA_USAGE = YES_ERROR;
				CLANG_WARN_EMPTY_BODY = YES;
				CLANG_WARN_ENUM_CONVERSION = YES;
				CLANG_WARN_INT_CONVERSION = YES;
				CLANG_WARN_OBJC_ROOT_CLASS = YES_ERROR;
				CLANG_WARN__DUPLICATE_METHOD_MATCH = YES;
				"CODE_SIGN_IDENTITY[sdk=iphoneos*]" = "iPhone Developer";
				COPY_PHASE_STRIP = YES;
				ENABLE_NS_ASSERTIONS = NO;
				GCC_C_LANGUAGE_STANDARD = gnu99;
				GCC_WARN_64_TO_32_BIT_CONVERSION = YES;
				GCC_WARN_ABOUT_RETURN_TYPE = YES_ERROR;
				GCC_WARN_UNDECLARED_SELECTOR = YES;
				GCC_WARN_UNINITIALIZED_AUTOS = YES_AGGRESSIVE;
				GCC_WARN_UNUSED_FUNCTION = YES;
				GCC_WARN_UNUSED_VARIABLE = YES;
				IPHONEOS_DEPLOYMENT_TARGET = 7.1;
				SDKROOT = iphoneos;
				VALIDATE_PRODUCT = YES;
			};
			name = Release;
		};
		A77ECA3319BE48B6008979C1 /* Debug */ = {
			isa = XCBuildConfiguration;
			buildSettings = {
				ASSETCATALOG_COMPILER_APPICON_NAME = AppIcon;
				ASSETCATALOG_COMPILER_LAUNCHIMAGE_NAME = LaunchImage;
				GCC_PRECOMPILE_PREFIX_HEADER = YES;
				GCC_PREFIX_HEADER = "AGEPassingDataChallengeSolution/AGEPassingDataChallengeSolution-Prefix.pch";
				INFOPLIST_FILE = "AGEPassingDataChallengeSolution/AGEPassingDataChallengeSolution-Info.plist";
				PRODUCT_NAME = "$(TARGET_NAME)";
				WRAPPER_EXTENSION = app;
			};
			name = Debug;
		};
		A77ECA3419BE48B6008979C1 /* Release */ = {
			isa = XCBuildConfiguration;
			buildSettings = {
				ASSETCATALOG_COMPILER_APPICON_NAME = AppIcon;
				ASSETCATALOG_COMPILER_LAUNCHIMAGE_NAME = LaunchImage;
				GCC_PRECOMPILE_PREFIX_HEADER = YES;
				GCC_PREFIX_HEADER = "AGEPassingDataChallengeSolution/AGEPassingDataChallengeSolution-Prefix.pch";
				INFOPLIST_FILE = "AGEPassingDataChallengeSolution/AGEPassingDataChallengeSolution-Info.plist";
				PRODUCT_NAME = "$(TARGET_NAME)";
				WRAPPER_EXTENSION = app;
			};
			name = Release;
		};
		A77ECA3619BE48B6008979C1 /* Debug */ = {
			isa = XCBuildConfiguration;
			buildSettings = {
				BUNDLE_LOADER = "$(BUILT_PRODUCTS_DIR)/AGEPassingDataChallengeSolution.app/AGEPassingDataChallengeSolution";
				FRAMEWORK_SEARCH_PATHS = (
					"$(SDKROOT)/Developer/Library/Frameworks",
					"$(inherited)",
					"$(DEVELOPER_FRAMEWORKS_DIR)",
				);
				GCC_PRECOMPILE_PREFIX_HEADER = YES;
				GCC_PREFIX_HEADER = "AGEPassingDataChallengeSolution/AGEPassingDataChallengeSolution-Prefix.pch";
				GCC_PREPROCESSOR_DEFINITIONS = (
					"DEBUG=1",
					"$(inherited)",
				);
				INFOPLIST_FILE = "AGEPassingDataChallengeSolutionTests/AGEPassingDataChallengeSolutionTests-Info.plist";
				PRODUCT_NAME = "$(TARGET_NAME)";
				TEST_HOST = "$(BUNDLE_LOADER)";
				WRAPPER_EXTENSION = xctest;
			};
			name = Debug;
		};
		A77ECA3719BE48B6008979C1 /* Release */ = {
			isa = XCBuildConfiguration;
			buildSettings = {
				BUNDLE_LOADER = "$(BUILT_PRODUCTS_DIR)/AGEPassingDataChallengeSolution.app/AGEPassingDataChallengeSolution";
				FRAMEWORK_SEARCH_PATHS = (
					"$(SDKROOT)/Developer/Library/Frameworks",
					"$(inherited)",
					"$(DEVELOPER_FRAMEWORKS_DIR)",
				);
				GCC_PRECOMPILE_PREFIX_HEADER = YES;
				GCC_PREFIX_HEADER = "AGEPassingDataChallengeSolution/AGEPassingDataChallengeSolution-Prefix.pch";
				INFOPLIST_FILE = "AGEPassingDataChallengeSolutionTests/AGEPassingDataChallengeSolutionTests-Info.plist";
				PRODUCT_NAME = "$(TARGET_NAME)";
				TEST_HOST = "$(BUNDLE_LOADER)";
				WRAPPER_EXTENSION = xctest;
			};
			name = Release;
		};
/* End XCBuildConfiguration section */

/* Begin XCConfigurationList section */
		A77EC9FB19BE48B6008979C1 /* Build configuration list for PBXProject "AGEPassingDataChallengeSolution" */ = {
			isa = XCConfigurationList;
			buildConfigurations = (
				A77ECA3019BE48B6008979C1 /* Debug */,
				A77ECA3119BE48B6008979C1 /* Release */,
			);
			defaultConfigurationIsVisible = 0;
			defaultConfigurationName = Release;
		};
		A77ECA3219BE48B6008979C1 /* Build configuration list for PBXNativeTarget "AGEPassingDataChallengeSolution" */ = {
			isa = XCConfigurationList;
			buildConfigurations = (
				A77ECA3319BE48B6008979C1 /* Debug */,
				A77ECA3419BE48B6008979C1 /* Release */,
			);
			defaultConfigurationIsVisible = 0;
		};
		A77ECA3519BE48B6008979C1 /* Build configuration list for PBXNativeTarget "AGEPassingDataChallengeSolutionTests" */ = {
			isa = XCConfigurationList;
			buildConfigurations = (
				A77ECA3619BE48B6008979C1 /* Debug */,
				A77ECA3719BE48B6008979C1 /* Release */,
			);
			defaultConfigurationIsVisible = 0;
		};
/* End XCConfigurationList section */
	};
	rootObject = A77EC9F819BE48B6008979C1 /* Project object */;
}
